
Microsoft Visual Studio Solution File, Format Version 12.00
# Visual Studio Version 16
VisualStudioVersion = 25.0.1705.0
MinimumVisualStudioVersion = 10.0.40219.1
Project("{FAE04EC0-301F-11D3-BF4B-00C04F79EFBC}") = "sap-playground", "sap-playground\sap-playground.csproj", "{05B793C3-7C32-45BB-B1A7-952BB4F2E405}"
EndProject
Global
	GlobalSection(SolutionConfigurationPlatforms) = preSolution
		Debug|Any CPU = Debug|Any CPU
		Release|Any CPU = Release|Any CPU
	EndGlobalSection
	GlobalSection(ProjectConfigurationPlatforms) = postSolution
		{05B793C3-7C32-45BB-B1A7-952BB4F2E405}.Debug|Any CPU.ActiveCfg = Debug|Any CPU
		{05B793C3-7C32-45BB-B1A7-952BB4F2E405}.Debug|Any CPU.Build.0 = Debug|Any CPU
		{05B793C3-7C32-45BB-B1A7-952BB4F2E405}.Release|Any CPU.ActiveCfg = Release|Any CPU
		{05B793C3-7C32-45BB-B1A7-952BB4F2E405}.Release|Any CPU.Build.0 = Release|Any CPU
	EndGlobalSection
	GlobalSection(SolutionProperties) = preSolution
		HideSolutionNode = FALSE
	EndGlobalSection
	GlobalSection(ExtensibilityGlobals) = postSolution
		SolutionGuid = {B5BF9A1C-4282-45F2-B2AD-52E4240A77DC}
	EndGlobalSection
EndGlobal
